# This file is automatically @generated by Cargo.
# It is not intended for manual editing.
version = 3

[[package]]
name = "euler-rust"
version = "0.1.0"
dependencies = [
 "hazs_tools",
]

[[package]]
name = "hazs_tools"
version = "0.1.0"
source = "git+https://github.com/haz0110/hazs_tools#22b1aa58b393fa1a439dd43694daa5044b6217f8"
